
Microsoft Visual Studio Solution File, Format Version 12.00
# Visual Studio 15
VisualStudioVersion = 15.0.28307.572
MinimumVisualStudioVersion = 10.0.40219.1
Project("{FAE04EC0-301F-11D3-BF4B-00C04F79EFBC}") = "SitecoreDev.Web", "SitecoreDev.Web\SitecoreDev.Web.csproj", "{166D9175-085B-4E90-9F3E-CC1D553FD285}"
EndProject
Global
	GlobalSection(SolutionConfigurationPlatforms) = preSolution
		Debug|Any CPU = Debug|Any CPU
		Release|Any CPU = Release|Any CPU
	EndGlobalSection
	GlobalSection(ProjectConfigurationPlatforms) = postSolution
		{166D9175-085B-4E90-9F3E-CC1D553FD285}.Debug|Any CPU.ActiveCfg = Debug|Any CPU
		{166D9175-085B-4E90-9F3E-CC1D553FD285}.Debug|Any CPU.Build.0 = Debug|Any CPU
		{166D9175-085B-4E90-9F3E-CC1D553FD285}.Release|Any CPU.ActiveCfg = Release|Any CPU
		{166D9175-085B-4E90-9F3E-CC1D553FD285}.Release|Any CPU.Build.0 = Release|Any CPU
	EndGlobalSection
	GlobalSection(SolutionProperties) = preSolution
		HideSolutionNode = FALSE
	EndGlobalSection
	GlobalSection(ExtensibilityGlobals) = postSolution
		SolutionGuid = {004CEED2-3690-491B-980E-E443920E77B1}
	EndGlobalSection
EndGlobal
